// !$*UTF8*$!
{
	archiveVersion = 1;
	classes = {
	};
	objectVersion = 46;
	objects = {

/* Begin PBXBuildFile section */
		3CFA574518C087E800B636E9 /* Foundation.framework in Frameworks */ = {isa = PBXBuildFile; fileRef = 3CFA574418C087E800B636E9 /* Foundation.framework */; };
		3CFA578018C0880F00B636E9 /* libAppCanEngine_IOS.a in Frameworks */ = {isa = PBXBuildFile; fileRef = 3CFA577F18C0880F00B636E9 /* libAppCanEngine_IOS.a */; };
		3CFA578218C0885500B636E9 /* UIKit.framework in Frameworks */ = {isa = PBXBuildFile; fileRef = 3CFA578118C0885500B636E9 /* UIKit.framework */; };
		3CFA578418C0885E00B636E9 /* libsqlite3.dylib in Frameworks */ = {isa = PBXBuildFile; fileRef = 3CFA578318C0885E00B636E9 /* libsqlite3.dylib */; };
		3CFA578618C0886600B636E9 /* libz.dylib in Frameworks */ = {isa = PBXBuildFile; fileRef = 3CFA578518C0886600B636E9 /* libz.dylib */; };
		3CFA578818C0887F00B636E9 /* MapKit.framework in Frameworks */ = {isa = PBXBuildFile; fileRef = 3CFA578718C0887F00B636E9 /* MapKit.framework */; };
		3CFA578C18C0889D00B636E9 /* MobileCoreServices.framework in Frameworks */ = {isa = PBXBuildFile; fileRef = 3CFA578B18C0889D00B636E9 /* MobileCoreServices.framework */; };
		3CFA57FE18C08CFA00B636E9 /* EUExDevice.m in Sources */ = {isa = PBXBuildFile; fileRef = 3CFA57F118C08CFA00B636E9 /* EUExDevice.m */; settings = {COMPILER_FLAGS = "-fno-objc-arc"; }; };
		A036158118E2B9DA00800C19 /* Reachability_Device.m in Sources */ = {isa = PBXBuildFile; fileRef = A036158018E2B9DA00800C19 /* Reachability_Device.m */; settings = {COMPILER_FLAGS = "-fno-objc-arc"; }; };
/* End PBXBuildFile section */

/* Begin PBXCopyFilesBuildPhase section */
		3CFA573F18C087E800B636E9 /* CopyFiles */ = {
			isa = PBXCopyFilesBuildPhase;
			buildActionMask = 2147483647;
			dstPath = "include/$(PRODUCT_NAME)";
			dstSubfolderSpec = 16;
			files = (
			);
			runOnlyForDeploymentPostprocessing = 0;
		};
/* End PBXCopyFilesBuildPhase section */

/* Begin PBXFileReference section */
		3CFA574118C087E800B636E9 /* uexDevice.dylib */ = {isa = PBXFileReference; explicitFileType = "compiled.mach-o.dylib"; includeInIndex = 0; path = uexDevice.dylib; sourceTree = BUILT_PRODUCTS_DIR; };
		3CFA574418C087E800B636E9 /* Foundation.framework */ = {isa = PBXFileReference; lastKnownFileType = wrapper.framework; name = Foundation.framework; path = System/Library/Frameworks/Foundation.framework; sourceTree = SDKROOT; };
		3CFA577F18C0880F00B636E9 /* libAppCanEngine_IOS.a */ = {isa = PBXFileReference; lastKnownFileType = archive.ar; name = libAppCanEngine_IOS.a; path = ../libAppCanEngine_IOS.a; sourceTree = "<group>"; };
		3CFA578118C0885500B636E9 /* UIKit.framework */ = {isa = PBXFileReference; lastKnownFileType = wrapper.framework; name = UIKit.framework; path = System/Library/Frameworks/UIKit.framework; sourceTree = SDKROOT; };
		3CFA578318C0885E00B636E9 /* libsqlite3.dylib */ = {isa = PBXFileReference; lastKnownFileType = "compiled.mach-o.dylib"; name = libsqlite3.dylib; path = usr/lib/libsqlite3.dylib; sourceTree = SDKROOT; };
		3CFA578518C0886600B636E9 /* libz.dylib */ = {isa = PBXFileReference; lastKnownFileType = "compiled.mach-o.dylib"; name = libz.dylib; path = usr/lib/libz.dylib; sourceTree = SDKROOT; };
		3CFA578718C0887F00B636E9 /* MapKit.framework */ = {isa = PBXFileReference; lastKnownFileType = wrapper.framework; name = MapKit.framework; path = System/Library/Frameworks/MapKit.framework; sourceTree = SDKROOT; };
		3CFA578B18C0889D00B636E9 /* MobileCoreServices.framework */ = {isa = PBXFileReference; lastKnownFileType = wrapper.framework; name = MobileCoreServices.framework; path = System/Library/Frameworks/MobileCoreServices.framework; sourceTree = SDKROOT; };
		3CFA57EC18C08CFA00B636E9 /* EUExBase.h */ = {isa = PBXFileReference; fileEncoding = 4; lastKnownFileType = sourcecode.c.h; path = EUExBase.h; sourceTree = "<group>"; };
		3CFA57ED18C08CFA00B636E9 /* EUExBaseDefine.h */ = {isa = PBXFileReference; fileEncoding = 4; lastKnownFileType = sourcecode.c.h; path = EUExBaseDefine.h; sourceTree = "<group>"; };
		3CFA57EE18C08CFA00B636E9 /* EUtility.h */ = {isa = PBXFileReference; fileEncoding = 4; lastKnownFileType = sourcecode.c.h; path = EUtility.h; sourceTree = "<group>"; };
		3CFA57EF18C08CFA00B636E9 /* EUExDevice-Prefix.pch */ = {isa = PBXFileReference; fileEncoding = 4; lastKnownFileType = sourcecode.c.h; name = "EUExDevice-Prefix.pch"; path = "EUExDevice/EUExDevice-Prefix.pch"; sourceTree = SOURCE_ROOT; };
		3CFA57F018C08CFA00B636E9 /* EUExDevice.h */ = {isa = PBXFileReference; fileEncoding = 4; lastKnownFileType = sourcecode.c.h; name = EUExDevice.h; path = EUExDevice/EUExDevice.h; sourceTree = SOURCE_ROOT; };
		3CFA57F118C08CFA00B636E9 /* EUExDevice.m */ = {isa = PBXFileReference; fileEncoding = 4; lastKnownFileType = sourcecode.c.objc; name = EUExDevice.m; path = EUExDevice/EUExDevice.m; sourceTree = SOURCE_ROOT; };
		3CFA57F318C08CFA00B636E9 /* AppCanAnalysis.h */ = {isa = PBXFileReference; fileEncoding = 4; lastKnownFileType = sourcecode.c.h; path = AppCanAnalysis.h; sourceTree = "<group>"; };
		3CFA57F518C08CFA00B636E9 /* JSON.h */ = {isa = PBXFileReference; fileEncoding = 4; lastKnownFileType = sourcecode.c.h; path = JSON.h; sourceTree = "<group>"; };
		3CFA57F618C08CFA00B636E9 /* NSObject+SBJSON.h */ = {isa = PBXFileReference; fileEncoding = 4; lastKnownFileType = sourcecode.c.h; path = "NSObject+SBJSON.h"; sourceTree = "<group>"; };
		3CFA57F718C08CFA00B636E9 /* NSString+SBJSON.h */ = {isa = PBXFileReference; fileEncoding = 4; lastKnownFileType = sourcecode.c.h; path = "NSString+SBJSON.h"; sourceTree = "<group>"; };
		3CFA57F818C08CFA00B636E9 /* SBJSON.h */ = {isa = PBXFileReference; fileEncoding = 4; lastKnownFileType = sourcecode.c.h; path = SBJSON.h; sourceTree = "<group>"; };
		3CFA57F918C08CFA00B636E9 /* SBJsonBase.h */ = {isa = PBXFileReference; fileEncoding = 4; lastKnownFileType = sourcecode.c.h; path = SBJsonBase.h; sourceTree = "<group>"; };
		3CFA57FA18C08CFA00B636E9 /* SBJsonParser.h */ = {isa = PBXFileReference; fileEncoding = 4; lastKnownFileType = sourcecode.c.h; path = SBJsonParser.h; sourceTree = "<group>"; };
		3CFA57FB18C08CFA00B636E9 /* SBJsonWriter.h */ = {isa = PBXFileReference; fileEncoding = 4; lastKnownFileType = sourcecode.c.h; path = SBJsonWriter.h; sourceTree = "<group>"; };
		A036157F18E2B9DA00800C19 /* Reachability_Device.h */ = {isa = PBXFileReference; fileEncoding = 4; lastKnownFileType = sourcecode.c.h; path = Reachability_Device.h; sourceTree = "<group>"; };
		A036158018E2B9DA00800C19 /* Reachability_Device.m */ = {isa = PBXFileReference; fileEncoding = 4; lastKnownFileType = sourcecode.c.objc; path = Reachability_Device.m; sourceTree = "<group>"; };
/* End PBXFileReference section */

/* Begin PBXFrameworksBuildPhase section */
		3CFA573E18C087E800B636E9 /* Frameworks */ = {
			isa = PBXFrameworksBuildPhase;
			buildActionMask = 2147483647;
			files = (
				3CFA578C18C0889D00B636E9 /* MobileCoreServices.framework in Frameworks */,
				3CFA578818C0887F00B636E9 /* MapKit.framework in Frameworks */,
				3CFA578618C0886600B636E9 /* libz.dylib in Frameworks */,
				3CFA578418C0885E00B636E9 /* libsqlite3.dylib in Frameworks */,
				3CFA578218C0885500B636E9 /* UIKit.framework in Frameworks */,
				3CFA578018C0880F00B636E9 /* libAppCanEngine_IOS.a in Frameworks */,
				3CFA574518C087E800B636E9 /* Foundation.framework in Frameworks */,
			);
			runOnlyForDeploymentPostprocessing = 0;
		};
/* End PBXFrameworksBuildPhase section */

/* Begin PBXGroup section */
		3CFA573818C087E800B636E9 = {
			isa = PBXGroup;
			children = (
				3CFA574618C087E800B636E9 /* uexDevice */,
				3CFA574318C087E800B636E9 /* Frameworks */,
				3CFA574218C087E800B636E9 /* Products */,
			);
			sourceTree = "<group>";
		};
		3CFA574218C087E800B636E9 /* Products */ = {
			isa = PBXGroup;
			children = (
				3CFA574118C087E800B636E9 /* uexDevice.dylib */,
			);
			name = Products;
			sourceTree = "<group>";
		};
		3CFA574318C087E800B636E9 /* Frameworks */ = {
			isa = PBXGroup;
			children = (
				3CFA578B18C0889D00B636E9 /* MobileCoreServices.framework */,
				3CFA578718C0887F00B636E9 /* MapKit.framework */,
				3CFA578518C0886600B636E9 /* libz.dylib */,
				3CFA578318C0885E00B636E9 /* libsqlite3.dylib */,
				3CFA578118C0885500B636E9 /* UIKit.framework */,
				3CFA577F18C0880F00B636E9 /* libAppCanEngine_IOS.a */,
				3CFA574418C087E800B636E9 /* Foundation.framework */,
			);
			name = Frameworks;
			sourceTree = "<group>";
		};
		3CFA574618C087E800B636E9 /* uexDevice */ = {
			isa = PBXGroup;
			children = (
				3CFA57EB18C08CFA00B636E9 /* engineHeader */,
				3CFA57EF18C08CFA00B636E9 /* EUExDevice-Prefix.pch */,
				3CFA57F018C08CFA00B636E9 /* EUExDevice.h */,
				3CFA57F118C08CFA00B636E9 /* EUExDevice.m */,
				3CFA57F218C08CFA00B636E9 /* sourceCode */,
			);
			path = uexDevice;
			sourceTree = "<group>";
		};
		3CFA57EB18C08CFA00B636E9 /* engineHeader */ = {
			isa = PBXGroup;
			children = (
				3CFA57EC18C08CFA00B636E9 /* EUExBase.h */,
				3CFA57ED18C08CFA00B636E9 /* EUExBaseDefine.h */,
				3CFA57EE18C08CFA00B636E9 /* EUtility.h */,
			);
			name = engineHeader;
			path = EUExDevice/engineHeader;
			sourceTree = SOURCE_ROOT;
		};
		3CFA57F218C08CFA00B636E9 /* sourceCode */ = {
			isa = PBXGroup;
			children = (
				A036157F18E2B9DA00800C19 /* Reachability_Device.h */,
				A036158018E2B9DA00800C19 /* Reachability_Device.m */,
				3CFA57F318C08CFA00B636E9 /* AppCanAnalysis.h */,
				3CFA57F418C08CFA00B636E9 /* JSON */,
			);
			name = sourceCode;
			path = EUExDevice/sourceCode;
			sourceTree = SOURCE_ROOT;
		};
		3CFA57F418C08CFA00B636E9 /* JSON */ = {
			isa = PBXGroup;
			children = (
				3CFA57F518C08CFA00B636E9 /* JSON.h */,
				3CFA57F618C08CFA00B636E9 /* NSObject+SBJSON.h */,
				3CFA57F718C08CFA00B636E9 /* NSString+SBJSON.h */,
				3CFA57F818C08CFA00B636E9 /* SBJSON.h */,
				3CFA57F918C08CFA00B636E9 /* SBJsonBase.h */,
				3CFA57FA18C08CFA00B636E9 /* SBJsonParser.h */,
				3CFA57FB18C08CFA00B636E9 /* SBJsonWriter.h */,
			);
			path = JSON;
			sourceTree = "<group>";
		};
/* End PBXGroup section */

/* Begin PBXNativeTarget section */
		3CFA574018C087E800B636E9 /* uexDevice */ = {
			isa = PBXNativeTarget;
			buildConfigurationList = 3CFA576418C087E800B636E9 /* Build configuration list for PBXNativeTarget "uexDevice" */;
			buildPhases = (
				3CFA573D18C087E800B636E9 /* Sources */,
				3CFA573E18C087E800B636E9 /* Frameworks */,
				3CFA573F18C087E800B636E9 /* CopyFiles */,
			);
			buildRules = (
			);
			dependencies = (
			);
			name = uexDevice;
			productName = uexDevice;
			productReference = 3CFA574118C087E800B636E9 /* uexDevice.dylib */;
			productType = "com.apple.product-type.library.dynamic";
		};
/* End PBXNativeTarget section */

/* Begin PBXProject section */
		3CFA573918C087E800B636E9 /* Project object */ = {
			isa = PBXProject;
			attributes = {
				LastUpgradeCheck = 0500;
				ORGANIZATIONNAME = demo;
			};
			buildConfigurationList = 3CFA573C18C087E800B636E9 /* Build configuration list for PBXProject "uexDevice" */;
			compatibilityVersion = "Xcode 3.2";
			developmentRegion = English;
			hasScannedForEncodings = 0;
			knownRegions = (
				en,
			);
			mainGroup = 3CFA573818C087E800B636E9;
			productRefGroup = 3CFA574218C087E800B636E9 /* Products */;
			projectDirPath = "";
			projectRoot = "";
			targets = (
				3CFA574018C087E800B636E9 /* uexDevice */,
			);
		};
/* End PBXProject section */

/* Begin PBXSourcesBuildPhase section */
		3CFA573D18C087E800B636E9 /* Sources */ = {
			isa = PBXSourcesBuildPhase;
			buildActionMask = 2147483647;
			files = (
				A036158118E2B9DA00800C19 /* Reachability_Device.m in Sources */,
				3CFA57FE18C08CFA00B636E9 /* EUExDevice.m in Sources */,
			);
			runOnlyForDeploymentPostprocessing = 0;
		};
/* End PBXSourcesBuildPhase section */

/* Begin XCBuildConfiguration section */
		3CFA576218C087E800B636E9 /* Debug */ = {
			isa = XCBuildConfiguration;
			buildSettings = {
				ALWAYS_SEARCH_USER_PATHS = NO;
				ARCHS = "$(ARCHS_STANDARD_INCLUDING_64_BIT)";
				CLANG_CXX_LANGUAGE_STANDARD = "gnu++0x";
				CLANG_CXX_LIBRARY = "libc++";
				CLANG_ENABLE_MODULES = YES;
				CLANG_ENABLE_OBJC_ARC = YES;
				CLANG_WARN_BOOL_CONVERSION = YES;
				CLANG_WARN_CONSTANT_CONVERSION = YES;
				CLANG_WARN_DIRECT_OBJC_ISA_USAGE = YES_ERROR;
				CLANG_WARN_EMPTY_BODY = YES;
				CLANG_WARN_ENUM_CONVERSION = YES;
				CLANG_WARN_INT_CONVERSION = YES;
				CLANG_WARN_OBJC_ROOT_CLASS = YES_ERROR;
				CLANG_WARN__DUPLICATE_METHOD_MATCH = YES;
				CODE_SIGN_IDENTITY = "iPhone Distribution: Zhengyi Wireless(Beijing) Technology Co., Ltd.";
				COPY_PHASE_STRIP = NO;
				GCC_C_LANGUAGE_STANDARD = gnu99;
				GCC_DYNAMIC_NO_PIC = NO;
				GCC_OPTIMIZATION_LEVEL = 0;
				GCC_PREPROCESSOR_DEFINITIONS = (
					"DEBUG=1",
					"$(inherited)",
				);
				GCC_SYMBOLS_PRIVATE_EXTERN = NO;
				GCC_WARN_64_TO_32_BIT_CONVERSION = YES;
				GCC_WARN_ABOUT_RETURN_TYPE = YES_ERROR;
				GCC_WARN_UNDECLARED_SELECTOR = YES;
				GCC_WARN_UNINITIALIZED_AUTOS = YES;
				GCC_WARN_UNUSED_FUNCTION = YES;
				GCC_WARN_UNUSED_VARIABLE = YES;
				IPHONEOS_DEPLOYMENT_TARGET = 4.3;
				ONLY_ACTIVE_ARCH = YES;
				SDKROOT = iphoneos;
				VALID_ARCHS = "armv7 armv7s";
			};
			name = Debug;
		};
		3CFA576318C087E800B636E9 /* Release */ = {
			isa = XCBuildConfiguration;
			buildSettings = {
				ALWAYS_SEARCH_USER_PATHS = NO;
				ARCHS = "$(ARCHS_STANDARD_INCLUDING_64_BIT)";
				CLANG_CXX_LANGUAGE_STANDARD = "gnu++0x";
				CLANG_CXX_LIBRARY = "libc++";
				CLANG_ENABLE_MODULES = YES;
				CLANG_ENABLE_OBJC_ARC = YES;
				CLANG_WARN_BOOL_CONVERSION = YES;
				CLANG_WARN_CONSTANT_CONVERSION = YES;
				CLANG_WARN_DIRECT_OBJC_ISA_USAGE = YES_ERROR;
				CLANG_WARN_EMPTY_BODY = YES;
				CLANG_WARN_ENUM_CONVERSION = YES;
				CLANG_WARN_INT_CONVERSION = YES;
				CLANG_WARN_OBJC_ROOT_CLASS = YES_ERROR;
				CLANG_WARN__DUPLICATE_METHOD_MATCH = YES;
				CODE_SIGN_IDENTITY = "iPhone Distribution: Zhengyi Wireless(Beijing) Technology Co., Ltd.";
				COPY_PHASE_STRIP = YES;
				ENABLE_NS_ASSERTIONS = NO;
				GCC_C_LANGUAGE_STANDARD = gnu99;
				GCC_WARN_64_TO_32_BIT_CONVERSION = YES;
				GCC_WARN_ABOUT_RETURN_TYPE = YES_ERROR;
				GCC_WARN_UNDECLARED_SELECTOR = YES;
				GCC_WARN_UNINITIALIZED_AUTOS = YES;
				GCC_WARN_UNUSED_FUNCTION = YES;
				GCC_WARN_UNUSED_VARIABLE = YES;
				IPHONEOS_DEPLOYMENT_TARGET = 4.3;
				SDKROOT = iphoneos;
				VALIDATE_PRODUCT = YES;
				VALID_ARCHS = "armv7 armv7s";
			};
			name = Release;
		};
		3CFA576518C087E800B636E9 /* Debug */ = {
			isa = XCBuildConfiguration;
			buildSettings = {
				ARCHS = "$(ARCHS_STANDARD)";
				CODE_SIGN_IDENTITY = "iPhone Developer: Wang GuoChun (GJL3LN9D59)";
				CONFIGURATION_BUILD_DIR = "$(SRCROOT)/uexDevice/";
				DEBUG_INFORMATION_FORMAT = dwarf;
				DSTROOT = /tmp/uexDevice.dst;
				GCC_PRECOMPILE_PREFIX_HEADER = YES;
				GCC_PREFIX_HEADER = "EUExDevice/EUExDevice-Prefix.pch";
				IPHONEOS_DEPLOYMENT_TARGET = 4.3;
				LIBRARY_SEARCH_PATHS = (
					"$(inherited)",
					"$(SRCROOT)/../",
				);
				ONLY_ACTIVE_ARCH = NO;
				OTHER_LDFLAGS = "-ObjC";
				PRODUCT_NAME = "$(TARGET_NAME)";
				SKIP_INSTALL = YES;
			};
			name = Debug;
		};
		3CFA576618C087E800B636E9 /* Release */ = {
			isa = XCBuildConfiguration;
			buildSettings = {
				ARCHS = "$(ARCHS_STANDARD)";
				CODE_SIGN_IDENTITY = "iPhone Developer: Wang GuoChun (GJL3LN9D59)";
				CONFIGURATION_BUILD_DIR = "$(SRCROOT)/uexDevice/";
				DEBUG_INFORMATION_FORMAT = dwarf;
				DSTROOT = /tmp/uexDevice.dst;
				GCC_PRECOMPILE_PREFIX_HEADER = YES;
				GCC_PREFIX_HEADER = "EUExDevice/EUExDevice-Prefix.pch";
				IPHONEOS_DEPLOYMENT_TARGET = 4.3;
				LIBRARY_SEARCH_PATHS = (
					"$(inherited)",
					"$(SRCROOT)/../",
				);
				OTHER_LDFLAGS = "-ObjC";
				PRODUCT_NAME = "$(TARGET_NAME)";
				SKIP_INSTALL = YES;
			};
			name = Release;
		};
/* End XCBuildConfiguration section */

/* Begin XCConfigurationList section */
		3CFA573C18C087E800B636E9 /* Build configuration list for PBXProject "uexDevice" */ = {
			isa = XCConfigurationList;
			buildConfigurations = (
				3CFA576218C087E800B636E9 /* Debug */,
				3CFA576318C087E800B636E9 /* Release */,
			);
			defaultConfigurationIsVisible = 0;
			defaultConfigurationName = Release;
		};
		3CFA576418C087E800B636E9 /* Build configuration list for PBXNativeTarget "uexDevice" */ = {
			isa = XCConfigurationList;
			buildConfigurations = (
				3CFA576518C087E800B636E9 /* Debug */,
				3CFA576618C087E800B636E9 /* Release */,
			);
			defaultConfigurationIsVisible = 0;
			defaultConfigurationName = Release;
		};
/* End XCConfigurationList section */
	};
	rootObject = 3CFA573918C087E800B636E9 /* Project object */;
}
